// !$*UTF8*$!
{
	archiveVersion = 1;
	classes = {
	};
	objectVersion = 50;
	objects = {

/* Begin PBXBuildFile section */
		F616FE4921F3EDFB007DBE2F /* AppDelegate.swift in Sources */ = {isa = PBXBuildFile; fileRef = F616FE4821F3EDFB007DBE2F /* AppDelegate.swift */; };
		F616FE4B21F3EDFB007DBE2F /* ViewController.swift in Sources */ = {isa = PBXBuildFile; fileRef = F616FE4A21F3EDFB007DBE2F /* ViewController.swift */; };
		F616FE4E21F3EDFB007DBE2F /* Main.storyboard in Resources */ = {isa = PBXBuildFile; fileRef = F616FE4C21F3EDFB007DBE2F /* Main.storyboard */; };
		F616FE5021F3EDFD007DBE2F /* Assets.xcassets in Resources */ = {isa = PBXBuildFile; fileRef = F616FE4F21F3EDFD007DBE2F /* Assets.xcassets */; };
		F616FE5321F3EDFD007DBE2F /* LaunchScreen.storyboard in Resources */ = {isa = PBXBuildFile; fileRef = F616FE5121F3EDFD007DBE2F /* LaunchScreen.storyboard */; };
/* End PBXBuildFile section */

/* Begin PBXFileReference section */
		F616FE4521F3EDFB007DBE2F /* GeoFencingRadiusSelection.app */ = {isa = PBXFileReference; explicitFileType = wrapper.application; includeInIndex = 0; path = GeoFencingRadiusSelection.app; sourceTree = BUILT_PRODUCTS_DIR; };
		F616FE4821F3EDFB007DBE2F /* AppDelegate.swift */ = {isa = PBXFileReference; lastKnownFileType = sourcecode.swift; path = AppDelegate.swift; sourceTree = "<group>"; };
		F616FE4A21F3EDFB007DBE2F /* ViewController.swift */ = {isa = PBXFileReference; lastKnownFileType = sourcecode.swift; path = ViewController.swift; sourceTree = "<group>"; };
		F616FE4D21F3EDFB007DBE2F /* Base */ = {isa = PBXFileReference; lastKnownFileType = file.storyboard; name = Base; path = Base.lproj/Main.storyboard; sourceTree = "<group>"; };
		F616FE4F21F3EDFD007DBE2F /* Assets.xcassets */ = {isa = PBXFileReference; lastKnownFileType = folder.assetcatalog; path = Assets.xcassets; sourceTree = "<group>"; };
		F616FE5221F3EDFD007DBE2F /* Base */ = {isa = PBXFileReference; lastKnownFileType = file.storyboard; name = Base; path = Base.lproj/LaunchScreen.storyboard; sourceTree = "<group>"; };
		F616FE5421F3EDFD007DBE2F /* Info.plist */ = {isa = PBXFileReference; lastKnownFileType = text.plist.xml; path = Info.plist; sourceTree = "<group>"; };
/* End PBXFileReference section */

/* Begin PBXFrameworksBuildPhase section */
		F616FE4221F3EDFB007DBE2F /* Frameworks */ = {
			isa = PBXFrameworksBuildPhase;
			buildActionMask = 2147483647;
			files = (
			);
			runOnlyForDeploymentPostprocessing = 0;
		};
/* End PBXFrameworksBuildPhase section */

/* Begin PBXGroup section */
		F616FE3C21F3EDFB007DBE2F = {
			isa = PBXGroup;
			children = (
				F616FE4721F3EDFB007DBE2F /* GeoFencingRadiusSelection */,
				F616FE4621F3EDFB007DBE2F /* Products */,
			);
			sourceTree = "<group>";
		};
		F616FE4621F3EDFB007DBE2F /* Products */ = {
			isa = PBXGroup;
			children = (
				F616FE4521F3EDFB007DBE2F /* GeoFencingRadiusSelection.app */,
			);
			name = Products;
			sourceTree = "<group>";
		};
		F616FE4721F3EDFB007DBE2F /* GeoFencingRadiusSelection */ = {
			isa = PBXGroup;
			children = (
				F616FE4821F3EDFB007DBE2F /* AppDelegate.swift */,
				F616FE4A21F3EDFB007DBE2F /* ViewController.swift */,
				F616FE4C21F3EDFB007DBE2F /* Main.storyboard */,
				F616FE4F21F3EDFD007DBE2F /* Assets.xcassets */,
				F616FE5121F3EDFD007DBE2F /* LaunchScreen.storyboard */,
				F616FE5421F3EDFD007DBE2F /* Info.plist */,
			);
			path = GeoFencingRadiusSelection;
			sourceTree = "<group>";
		};
/* End PBXGroup section */

/* Begin PBXNativeTarget section */
		F616FE4421F3EDFB007DBE2F /* GeoFencingRadiusSelection */ = {
			isa = PBXNativeTarget;
			buildConfigurationList = F616FE5721F3EDFD007DBE2F /* Build configuration list for PBXNativeTarget "GeoFencingRadiusSelection" */;
			buildPhases = (
				F616FE4121F3EDFB007DBE2F /* Sources */,
				F616FE4221F3EDFB007DBE2F /* Frameworks */,
				F616FE4321F3EDFB007DBE2F /* Resources */,
			);
			buildRules = (
			);
			dependencies = (
			);
			name = GeoFencingRadiusSelection;
			productName = GeoFencingRadiusSelection;
			productReference = F616FE4521F3EDFB007DBE2F /* GeoFencingRadiusSelection.app */;
			productType = "com.apple.product-type.application";
		};
/* End PBXNativeTarget section */

/* Begin PBXProject section */
		F616FE3D21F3EDFB007DBE2F /* Project object */ = {
			isa = PBXProject;
			attributes = {
				LastSwiftUpdateCheck = 1010;
				LastUpgradeCheck = 1010;
				ORGANIZATIONNAME = "Gaurav Parvadiya";
				TargetAttributes = {
					F616FE4421F3EDFB007DBE2F = {
						CreatedOnToolsVersion = 10.1;
					};
				};
			};
			buildConfigurationList = F616FE4021F3EDFB007DBE2F /* Build configuration list for PBXProject "GeoFencingRadiusSelection" */;
			compatibilityVersion = "Xcode 9.3";
			developmentRegion = en;
			hasScannedForEncodings = 0;
			knownRegions = (
				en,
				Base,
			);
			mainGroup = F616FE3C21F3EDFB007DBE2F;
			productRefGroup = F616FE4621F3EDFB007DBE2F /* Products */;
			projectDirPath = "";
			projectRoot = "";
			targets = (
				F616FE4421F3EDFB007DBE2F /* GeoFencingRadiusSelection */,
			);
		};
/* End PBXProject section */

/* Begin PBXResourcesBuildPhase section */
		F616FE4321F3EDFB007DBE2F /* Resources */ = {
			isa = PBXResourcesBuildPhase;
			buildActionMask = 2147483647;
			files = (
				F616FE5321F3EDFD007DBE2F /* LaunchScreen.storyboard in Resources */,
				F616FE5021F3EDFD007DBE2F /* Assets.xcassets in Resources */,
				F616FE4E21F3EDFB007DBE2F /* Main.storyboard in Resources */,
			);
			runOnlyForDeploymentPostprocessing = 0;
		};
/* End PBXResourcesBuildPhase section */

/* Begin PBXSourcesBuildPhase section */
		F616FE4121F3EDFB007DBE2F /* Sources */ = {
			isa = PBXSourcesBuildPhase;
			buildActionMask = 2147483647;
			files = (
				F616FE4B21F3EDFB007DBE2F /* ViewController.swift in Sources */,
				F616FE4921F3EDFB007DBE2F /* AppDelegate.swift in Sources */,
			);
			runOnlyForDeploymentPostprocessing = 0;
		};
/* End PBXSourcesBuildPhase section */

/* Begin PBXVariantGroup section */
		F616FE4C21F3EDFB007DBE2F /* Main.storyboard */ = {
			isa = PBXVariantGroup;
			children = (
				F616FE4D21F3EDFB007DBE2F /* Base */,
			);
			name = Main.storyboard;
			sourceTree = "<group>";
		};
		F616FE5121F3EDFD007DBE2F /* LaunchScreen.storyboard */ = {
			isa = PBXVariantGroup;
			children = (
				F616FE5221F3EDFD007DBE2F /* Base */,
			);
			name = LaunchScreen.storyboard;
			sourceTree = "<group>";
		};
/* End PBXVariantGroup section */

/* Begin XCBuildConfiguration section */
		F616FE5521F3EDFD007DBE2F /* Debug */ = {
			isa = XCBuildConfiguration;
			buildSettings = {
				ALWAYS_SEARCH_USER_PATHS = NO;
				CLANG_ANALYZER_NONNULL = YES;
				CLANG_ANALYZER_NUMBER_OBJECT_CONVERSION = YES_AGGRESSIVE;
				CLANG_CXX_LANGUAGE_STANDARD = "gnu++14";
				CLANG_CXX_LIBRARY = "libc++";
				CLANG_ENABLE_MODULES = YES;
				CLANG_ENABLE_OBJC_ARC = YES;
				CLANG_ENABLE_OBJC_WEAK = YES;
				CLANG_WARN_BLOCK_CAPTURE_AUTORELEASING = YES;
				CLANG_WARN_BOOL_CONVERSION = YES;
				CLANG_WARN_COMMA = YES;
				CLANG_WARN_CONSTANT_CONVERSION = YES;
				CLANG_WARN_DEPRECATED_OBJC_IMPLEMENTATIONS = YES;
				CLANG_WARN_DIRECT_OBJC_ISA_USAGE = YES_ERROR;
				CLANG_WARN_DOCUMENTATION_COMMENTS = YES;
				CLANG_WARN_EMPTY_BODY = YES;
				CLANG_WARN_ENUM_CONVERSION = YES;
				CLANG_WARN_INFINITE_RECURSION = YES;
				CLANG_WARN_INT_CONVERSION = YES;
				CLANG_WARN_NON_LITERAL_NULL_CONVERSION = YES;
				CLANG_WARN_OBJC_IMPLICIT_RETAIN_SELF = YES;
				CLANG_WARN_OBJC_LITERAL_CONVERSION = YES;
				CLANG_WARN_OBJC_ROOT_CLASS = YES_ERROR;
				CLANG_WARN_RANGE_LOOP_ANALYSIS = YES;
				CLANG_WARN_STRICT_PROTOTYPES = YES;
				CLANG_WARN_SUSPICIOUS_MOVE = YES;
				CLANG_WARN_UNGUARDED_AVAILABILITY = YES_AGGRESSIVE;
				CLANG_WARN_UNREACHABLE_CODE = YES;
				CLANG_WARN__DUPLICATE_METHOD_MATCH = YES;
				CODE_SIGN_IDENTITY = "iPhone Developer";
				COPY_PHASE_STRIP = NO;
				DEBUG_INFORMATION_FORMAT = dwarf;
				ENABLE_STRICT_OBJC_MSGSEND = YES;
				ENABLE_TESTABILITY = YES;
				GCC_C_LANGUAGE_STANDARD = gnu11;
				GCC_DYNAMIC_NO_PIC = NO;
				GCC_NO_COMMON_BLOCKS = YES;
				GCC_OPTIMIZATION_LEVEL = 0;
				GCC_PREPROCESSOR_DEFINITIONS = (
					"DEBUG=1",
					"$(inherited)",
				);
				GCC_WARN_64_TO_32_BIT_CONVERSION = YES;
				GCC_WARN_ABOUT_RETURN_TYPE = YES_ERROR;
				GCC_WARN_UNDECLARED_SELECTOR = YES;
				GCC_WARN_UNINITIALIZED_AUTOS = YES_AGGRESSIVE;
				GCC_WARN_UNUSED_FUNCTION = YES;
				GCC_WARN_UNUSED_VARIABLE = YES;
				IPHONEOS_DEPLOYMENT_TARGET = 12.1;
				MTL_ENABLE_DEBUG_INFO = INCLUDE_SOURCE;
				MTL_FAST_MATH = YES;
				ONLY_ACTIVE_ARCH = YES;
				SDKROOT = iphoneos;
				SWIFT_ACTIVE_COMPILATION_CONDITIONS = DEBUG;
				SWIFT_OPTIMIZATION_LEVEL = "-Onone";
			};
			name = Debug;
		};
		F616FE5621F3EDFD007DBE2F /* Release */ = {
			isa = XCBuildConfiguration;
			buildSettings = {
				ALWAYS_SEARCH_USER_PATHS = NO;
				CLANG_ANALYZER_NONNULL = YES;
				CLANG_ANALYZER_NUMBER_OBJECT_CONVERSION = YES_AGGRESSIVE;
				CLANG_CXX_LANGUAGE_STANDARD = "gnu++14";
				CLANG_CXX_LIBRARY = "libc++";
				CLANG_ENABLE_MODULES = YES;
				CLANG_ENABLE_OBJC_ARC = YES;
				CLANG_ENABLE_OBJC_WEAK = YES;
				CLANG_WARN_BLOCK_CAPTURE_AUTORELEASING = YES;
				CLANG_WARN_BOOL_CONVERSION = YES;
				CLANG_WARN_COMMA = YES;
				CLANG_WARN_CONSTANT_CONVERSION = YES;
				CLANG_WARN_DEPRECATED_OBJC_IMPLEMENTATIONS = YES;
				CLANG_WARN_DIRECT_OBJC_ISA_USAGE = YES_ERROR;
				CLANG_WARN_DOCUMENTATION_COMMENTS = YES;
				CLANG_WARN_EMPTY_BODY = YES;
				CLANG_WARN_ENUM_CONVERSION = YES;
				CLANG_WARN_INFINITE_RECURSION = YES;
				CLANG_WARN_INT_CONVERSION = YES;
				CLANG_WARN_NON_LITERAL_NULL_CONVERSION = YES;
				CLANG_WARN_OBJC_IMPLICIT_RETAIN_SELF = YES;
				CLANG_WARN_OBJC_LITERAL_CONVERSION = YES;
				CLANG_WARN_OBJC_ROOT_CLASS = YES_ERROR;
				CLANG_WARN_RANGE_LOOP_ANALYSIS = YES;
				CLANG_WARN_STRICT_PROTOTYPES = YES;
				CLANG_WARN_SUSPICIOUS_MOVE = YES;
				CLANG_WARN_UNGUARDED_AVAILABILITY = YES_AGGRESSIVE;
				CLANG_WARN_UNREACHABLE_CODE = YES;
				CLANG_WARN__DUPLICATE_METHOD_MATCH = YES;
				CODE_SIGN_IDENTITY = "iPhone Developer";
				COPY_PHASE_STRIP = NO;
				DEBUG_INFORMATION_FORMAT = "dwarf-with-dsym";
				ENABLE_NS_ASSERTIONS = NO;
				ENABLE_STRICT_OBJC_MSGSEND = YES;
				GCC_C_LANGUAGE_STANDARD = gnu11;
				GCC_NO_COMMON_BLOCKS = YES;
				GCC_WARN_64_TO_32_BIT_CONVERSION = YES;
				GCC_WARN_ABOUT_RETURN_TYPE = YES_ERROR;
				GCC_WARN_UNDECLARED_SELECTOR = YES;
				GCC_WARN_UNINITIALIZED_AUTOS = YES_AGGRESSIVE;
				GCC_WARN_UNUSED_FUNCTION = YES;
				GCC_WARN_UNUSED_VARIABLE = YES;
				IPHONEOS_DEPLOYMENT_TARGET = 12.1;
				MTL_ENABLE_DEBUG_INFO = NO;
				MTL_FAST_MATH = YES;
				SDKROOT = iphoneos;
				SWIFT_COMPILATION_MODE = wholemodule;
				SWIFT_OPTIMIZATION_LEVEL = "-O";
				VALIDATE_PRODUCT = YES;
			};
			name = Release;
		};
		F616FE5821F3EDFD007DBE2F /* Debug */ = {
			isa = XCBuildConfiguration;
			buildSettings = {
				ASSETCATALOG_COMPILER_APPICON_NAME = AppIcon;
				CODE_SIGN_STYLE = Automatic;
				DEVELOPMENT_TEAM = AX2H3TBYK9;
				INFOPLIST_FILE = GeoFencingRadiusSelection/Info.plist;
				LD_RUNPATH_SEARCH_PATHS = (
					"$(inherited)",
					"@executable_path/Frameworks",
				);
				PRODUCT_BUNDLE_IDENTIFIER = com.ibl.GeoFencingRadiusSelection;
				PRODUCT_NAME = "$(TARGET_NAME)";
				SWIFT_VERSION = 4.2;
				TARGETED_DEVICE_FAMILY = "1,2";
			};
			name = Debug;
		};
		F616FE5921F3EDFD007DBE2F /* Release */ = {
			isa = XCBuildConfiguration;
			buildSettings = {
				ASSETCATALOG_COMPILER_APPICON_NAME = AppIcon;
				CODE_SIGN_STYLE = Automatic;
				DEVELOPMENT_TEAM = AX2H3TBYK9;
				INFOPLIST_FILE = GeoFencingRadiusSelection/Info.plist;
				LD_RUNPATH_SEARCH_PATHS = (
					"$(inherited)",
					"@executable_path/Frameworks",
				);
				PRODUCT_BUNDLE_IDENTIFIER = com.ibl.GeoFencingRadiusSelection;
				PRODUCT_NAME = "$(TARGET_NAME)";
				SWIFT_VERSION = 4.2;
				TARGETED_DEVICE_FAMILY = "1,2";
			};
			name = Release;
		};
/* End XCBuildConfiguration section */

/* Begin XCConfigurationList section */
		F616FE4021F3EDFB007DBE2F /* Build configuration list for PBXProject "GeoFencingRadiusSelection" */ = {
			isa = XCConfigurationList;
			buildConfigurations = (
				F616FE5521F3EDFD007DBE2F /* Debug */,
				F616FE5621F3EDFD007DBE2F /* Release */,
			);
			defaultConfigurationIsVisible = 0;
			defaultConfigurationName = Release;
		};
		F616FE5721F3EDFD007DBE2F /* Build configuration list for PBXNativeTarget "GeoFencingRadiusSelection" */ = {
			isa = XCConfigurationList;
			buildConfigurations = (
				F616FE5821F3EDFD007DBE2F /* Debug */,
				F616FE5921F3EDFD007DBE2F /* Release */,
			);
			defaultConfigurationIsVisible = 0;
			defaultConfigurationName = Release;
		};
/* End XCConfigurationList section */
	};
	rootObject = F616FE3D21F3EDFB007DBE2F /* Project object */;
}
